<?xml version="1.0" encoding="utf-8"?>
<Project ToolsVersion="4.0" xmlns="http://schemas.microsoft.com/developer/msbuild/2003">
  <ItemGroup>
    <Filter Include="Source Files">
      <UniqueIdentifier>{4FC737F1-C7A5-4376-A066-2A32D752A2FF}</UniqueIdentifier>
      <Extensions>cpp;c;cc;cxx;def;odl;idl;hpj;bat;asm;asmx</Extensions>
    </Filter>
    <Filter Include="Header Files">
      <UniqueIdentifier>{93995380-89BD-4b04-88EB-625FBE52EBFB}</UniqueIdentifier>
      <Extensions>h;hh;hpp;hxx;hm;inl;inc;ipp;xsd</Extensions>
    </Filter>
    <Filter Include="Resource Files">
      <UniqueIdentifier>{67DA6AB6-F800-4c08-8B7A-83BB121AAD01}</UniqueIdentifier>
      <Extensions>rc;ico;cur;bmp;dlg;rc2;rct;bin;rgs;gif;jpg;jpeg;jpe;resx;tiff;tif;png;wav;mfcribbon-ms</Extensions>
    </Filter>
  </ItemGroup>
  <ItemGroup>
    <ClCompile Include="..\502Program4\BinarySearchTree.cpp">
      <Filter>Source Files</Filter>
    </ClCompile>
    <ClCompile Include="..\502Program4\BuyCommand.cpp">
      <Filter>Source Files</Filter>
    </ClCompile>
    <ClCompile Include="..\502Program4\Coin.cpp">
      <Filter>Source Files</Filter>
    </ClCompile>
    <ClCompile Include="..\502Program4\ComicBook.cpp">
      <Filter>Source Files</Filter>
    </ClCompile>
    <ClCompile Include="..\502Program4\Command.cpp">
      <Filter>Source Files</Filter>
    </ClCompile>
    <ClCompile Include="..\502Program4\CommandFactory.cpp">
      <Filter>Source Files</Filter>
    </ClCompile>
    <ClCompile Include="..\502Program4\Comparable.cpp">
      <Filter>Source Files</Filter>
    </ClCompile>
    <ClCompile Include="..\502Program4\CustomerCommand.cpp">
      <Filter>Source Files</Filter>
    </ClCompile>
    <ClCompile Include="..\502Program4\CustomerRepository.cpp">
      <Filter>Source Files</Filter>
    </ClCompile>
    <ClCompile Include="..\502Program4\DisplayCommand.cpp">
      <Filter>Source Files</Filter>
    </ClCompile>
    <ClCompile Include="..\502Program4\Hashtable.cpp">
      <Filter>Source Files</Filter>
    </ClCompile>
    <ClCompile Include="..\502Program4\HashValueType.cpp">
      <Filter>Source Files</Filter>
    </ClCompile>
    <ClCompile Include="..\502Program4\HistoryCommand.cpp">
      <Filter>Source Files</Filter>
    </ClCompile>
    <ClCompile Include="..\502Program4\Item.cpp">
      <Filter>Source Files</Filter>
    </ClCompile>
    <ClCompile Include="..\502Program4\ItemFactory.cpp">
      <Filter>Source Files</Filter>
    </ClCompile>
    <ClCompile Include="..\502Program4\main.cpp">
      <Filter>Source Files</Filter>
    </ClCompile>
    <ClCompile Include="..\502Program4\SellCommand.cpp">
      <Filter>Source Files</Filter>
    </ClCompile>
    <ClCompile Include="..\502Program4\SportsCard.cpp">
      <Filter>Source Files</Filter>
    </ClCompile>
    <ClCompile Include="..\502Program4\Store.cpp">
      <Filter>Source Files</Filter>
    </ClCompile>
    <ClCompile Include="..\502Program4\StoreRepository.cpp">
      <Filter>Source Files</Filter>
    </ClCompile>
    <ClCompile Include="..\502Program4\TransactionEntry.cpp">
      <Filter>Source Files</Filter>
    </ClCompile>
  </ItemGroup>
  <ItemGroup>
    <ClInclude Include="..\502Program4\BinarySearchTree.h">
      <Filter>Header Files</Filter>
    </ClInclude>
    <ClInclude Include="..\502Program4\BuyCommand.h">
      <Filter>Header Files</Filter>
    </ClInclude>
    <ClInclude Include="..\502Program4\Coin.h">
      <Filter>Header Files</Filter>
    </ClInclude>
    <ClInclude Include="..\502Program4\ComicBook.h">
      <Filter>Header Files</Filter>
    </ClInclude>
    <ClInclude Include="..\502Program4\Command.h">
      <Filter>Header Files</Filter>
    </ClInclude>
    <ClInclude Include="..\502Program4\CommandFactory.h">
      <Filter>Header Files</Filter>
    </ClInclude>
    <ClInclude Include="..\502Program4\Comparable.h">
      <Filter>Header Files</Filter>
    </ClInclude>
    <ClInclude Include="..\502Program4\CustomerCommand.h">
      <Filter>Header Files</Filter>
    </ClInclude>
    <ClInclude Include="..\502Program4\CustomerRepository.h">
      <Filter>Header Files</Filter>
    </ClInclude>
    <ClInclude Include="..\502Program4\DisplayCommand.h">
      <Filter>Header Files</Filter>
    </ClInclude>
    <ClInclude Include="..\502Program4\Hashtable.h">
      <Filter>Header Files</Filter>
    </ClInclude>
    <ClInclude Include="..\502Program4\HashValueType.h">
      <Filter>Header Files</Filter>
    </ClInclude>
    <ClInclude Include="..\502Program4\HistoryCommand.h">
      <Filter>Header Files</Filter>
    </ClInclude>
    <ClInclude Include="..\502Program4\Item.h">
      <Filter>Header Files</Filter>
    </ClInclude>
    <ClInclude Include="..\502Program4\ItemFactory.h">
      <Filter>Header Files</Filter>
    </ClInclude>
    <ClInclude Include="..\502Program4\SellCommand.h">
      <Filter>Header Files</Filter>
    </ClInclude>
    <ClInclude Include="..\502Program4\SportsCard.h">
      <Filter>Header Files</Filter>
    </ClInclude>
    <ClInclude Include="..\502Program4\Store.h">
      <Filter>Header Files</Filter>
    </ClInclude>
    <ClInclude Include="..\502Program4\StoreRepository.h">
      <Filter>Header Files</Filter>
    </ClInclude>
    <ClInclude Include="..\502Program4\TransactionEntry.h">
      <Filter>Header Files</Filter>
    </ClInclude>
  </ItemGroup>
  <ItemGroup>
    <Text Include="hw4commands.txt">
      <Filter>Resource Files</Filter>
    </Text>
    <Text Include="hw4customers.txt">
      <Filter>Resource Files</Filter>
    </Text>
    <Text Include="hw4inventory.txt">
      <Filter>Resource Files</Filter>
    </Text>
  </ItemGroup>
</Project>